
Microsoft Visual Studio Solution File, Format Version 12.00
# Visual Studio 15
VisualStudioVersion = 15.0.27130.2027
MinimumVisualStudioVersion = 10.0.40219.1
Project("{FAE04EC0-301F-11D3-BF4B-00C04F79EFBC}") = "SalesManagement", "SalesManagement\SalesManagement.csproj", "{685EAC0C-3E94-46CE-B05D-A75014CE6182}"
EndProject
Project("{FAE04EC0-301F-11D3-BF4B-00C04F79EFBC}") = "SalesManagement.Tests", "SalesManagement.Tests\SalesManagement.Tests.csproj", "{475BFC0E-61D7-4C37-A1A5-8BBF36B6EE93}"
EndProject
Global
	GlobalSection(SolutionConfigurationPlatforms) = preSolution
		Debug|Any CPU = Debug|Any CPU
		Release|Any CPU = Release|Any CPU
	EndGlobalSection
	GlobalSection(ProjectConfigurationPlatforms) = postSolution
		{685EAC0C-3E94-46CE-B05D-A75014CE6182}.Debug|Any CPU.ActiveCfg = Debug|Any CPU
		{685EAC0C-3E94-46CE-B05D-A75014CE6182}.Debug|Any CPU.Build.0 = Debug|Any CPU
		{685EAC0C-3E94-46CE-B05D-A75014CE6182}.Release|Any CPU.ActiveCfg = Release|Any CPU
		{685EAC0C-3E94-46CE-B05D-A75014CE6182}.Release|Any CPU.Build.0 = Release|Any CPU
		{475BFC0E-61D7-4C37-A1A5-8BBF36B6EE93}.Debug|Any CPU.ActiveCfg = Debug|Any CPU
		{475BFC0E-61D7-4C37-A1A5-8BBF36B6EE93}.Debug|Any CPU.Build.0 = Debug|Any CPU
		{475BFC0E-61D7-4C37-A1A5-8BBF36B6EE93}.Release|Any CPU.ActiveCfg = Release|Any CPU
		{475BFC0E-61D7-4C37-A1A5-8BBF36B6EE93}.Release|Any CPU.Build.0 = Release|Any CPU
	EndGlobalSection
	GlobalSection(SolutionProperties) = preSolution
		HideSolutionNode = FALSE
	EndGlobalSection
	GlobalSection(ExtensibilityGlobals) = postSolution
		SolutionGuid = {D063FCB8-AE2A-4F1F-AF4E-9E8CC2373051}
	EndGlobalSection
EndGlobal
